<?xml version="1.0" encoding="utf-8"?>
<Project ToolsVersion="4.0" xmlns="http://schemas.microsoft.com/developer/msbuild/2003">
  <ItemGroup>
    <Filter Include="소스 파일">
      <UniqueIdentifier>{4FC737F1-C7A5-4376-A066-2A32D752A2FF}</UniqueIdentifier>
      <Extensions>cpp;c;cc;cxx;c++;cppm;ixx;def;odl;idl;hpj;bat;asm;asmx</Extensions>
    </Filter>
    <Filter Include="헤더 파일">
      <UniqueIdentifier>{93995380-89BD-4b04-88EB-625FBE52EBFB}</UniqueIdentifier>
      <Extensions>h;hh;hpp;hxx;h++;hm;inl;inc;ipp;xsd</Extensions>
    </Filter>
    <Filter Include="리소스 파일">
      <UniqueIdentifier>{67DA6AB6-F800-4c08-8B7A-83BB121AAD01}</UniqueIdentifier>
      <Extensions>rc;ico;cur;bmp;dlg;rc2;rct;bin;rgs;gif;jpg;jpeg;jpe;resx;tiff;tif;png;wav;mfcribbon-ms</Extensions>
    </Filter>
    <Filter Include="소스 파일\쉐이더">
      <UniqueIdentifier>{5ebbcb0b-4e16-41f6-91dc-94a2459e2fff}</UniqueIdentifier>
    </Filter>
    <Filter Include="소스 파일\객체">
      <UniqueIdentifier>{e44c7fc9-970a-481b-9223-f07ac084f48a}</UniqueIdentifier>
    </Filter>
    <Filter Include="소스 파일\트리 객체">
      <UniqueIdentifier>{18a34bd5-5ceb-4670-ac93-eaa64c7c8eef}</UniqueIdentifier>
    </Filter>
    <Filter Include="소스 파일\객체\플레이어">
      <UniqueIdentifier>{dbb3cc98-d3c9-42f9-9242-8df9d9188a16}</UniqueIdentifier>
    </Filter>
  </ItemGroup>
  <ItemGroup>
    <ClCompile Include="main.cpp">
      <Filter>소스 파일</Filter>
    </ClCompile>
    <ClCompile Include="Random.cpp">
      <Filter>소스 파일</Filter>
    </ClCompile>
    <ClCompile Include="Object.cpp">
      <Filter>소스 파일\객체</Filter>
    </ClCompile>
    <ClCompile Include="Cube.cpp">
      <Filter>소스 파일\객체</Filter>
    </ClCompile>
    <ClCompile Include="Player.cpp">
      <Filter>소스 파일\객체\플레이어</Filter>
    </ClCompile>
    <ClCompile Include="Player_body.cpp">
      <Filter>소스 파일\객체\플레이어</Filter>
    </ClCompile>
    <ClCompile Include="Gun_body.cpp">
      <Filter>소스 파일\객체\플레이어</Filter>
    </ClCompile>
    <ClCompile Include="Gun_cover.cpp">
      <Filter>소스 파일\객체\플레이어</Filter>
    </ClCompile>
    <ClCompile Include="Gun_barrel.cpp">
      <Filter>소스 파일\객체\플레이어</Filter>
    </ClCompile>
    <ClCompile Include="Gun_handle.cpp">
      <Filter>소스 파일\객체\플레이어</Filter>
    </ClCompile>
  </ItemGroup>
  <ItemGroup>
    <ClInclude Include="pch.h">
      <Filter>헤더 파일</Filter>
    </ClInclude>
    <ClInclude Include="Object.h">
      <Filter>소스 파일\객체</Filter>
    </ClInclude>
    <ClInclude Include="Cube.h">
      <Filter>소스 파일\객체</Filter>
    </ClInclude>
    <ClInclude Include="TreeNode.h">
      <Filter>소스 파일\트리 객체</Filter>
    </ClInclude>
    <ClInclude Include="Object_part.h">
      <Filter>소스 파일\트리 객체</Filter>
    </ClInclude>
    <ClInclude Include="Player.h">
      <Filter>소스 파일\객체\플레이어</Filter>
    </ClInclude>
    <ClInclude Include="Player_body.h">
      <Filter>소스 파일\객체\플레이어</Filter>
    </ClInclude>
    <ClInclude Include="Gun_body.h">
      <Filter>소스 파일\객체\플레이어</Filter>
    </ClInclude>
    <ClInclude Include="Gun_cover.h">
      <Filter>소스 파일\객체\플레이어</Filter>
    </ClInclude>
    <ClInclude Include="Gun_barrel.h">
      <Filter>소스 파일\객체\플레이어</Filter>
    </ClInclude>
    <ClInclude Include="Gun_handle.h">
      <Filter>소스 파일\객체\플레이어</Filter>
    </ClInclude>
  </ItemGroup>
  <ItemGroup>
    <None Include="vertex.glsl">
      <Filter>소스 파일\쉐이더</Filter>
    </None>
    <None Include="fragment.glsl">
      <Filter>소스 파일\쉐이더</Filter>
    </None>
  </ItemGroup>
</Project>